// !$*UTF8*$!
{
	archiveVersion = 1;
	classes = {
	};
	objectVersion = 46;
	objects = {

/* Begin PBXBuildFile section */
		4825CF431F2FEFD30066B40D /* LGTimer.swift in Sources */ = {isa = PBXBuildFile; fileRef = 4825CF421F2FEFD30066B40D /* LGTimer.swift */; };
		4825CF451F2FFA5E0066B40D /* LGActivity.swift in Sources */ = {isa = PBXBuildFile; fileRef = 4825CF441F2FFA5E0066B40D /* LGActivity.swift */; };
		4825CF471F2FFA860066B40D /* LGInterval.swift in Sources */ = {isa = PBXBuildFile; fileRef = 4825CF461F2FFA860066B40D /* LGInterval.swift */; };
		483238AA1F2E7AEA006194AE /* HealthKit.framework in Frameworks */ = {isa = PBXBuildFile; fileRef = 483238A91F2E7AEA006194AE /* HealthKit.framework */; };
		484F0FA81F2EB4790056F1E2 /* HealthKitManager.swift in Sources */ = {isa = PBXBuildFile; fileRef = 484F0FA71F2EB4790056F1E2 /* HealthKitManager.swift */; };
		4850E1B01F28EE00004D85A7 /* AppDelegate.swift in Sources */ = {isa = PBXBuildFile; fileRef = 4850E1AF1F28EE00004D85A7 /* AppDelegate.swift */; };
		4850E1B21F28EE00004D85A7 /* HomeViewController.swift in Sources */ = {isa = PBXBuildFile; fileRef = 4850E1B11F28EE00004D85A7 /* HomeViewController.swift */; };
		4850E1B51F28EE00004D85A7 /* Main.storyboard in Resources */ = {isa = PBXBuildFile; fileRef = 4850E1B31F28EE00004D85A7 /* Main.storyboard */; };
		4850E1B71F28EE00004D85A7 /* Assets.xcassets in Resources */ = {isa = PBXBuildFile; fileRef = 4850E1B61F28EE00004D85A7 /* Assets.xcassets */; };
		4850E1BA1F28EE00004D85A7 /* LaunchScreen.storyboard in Resources */ = {isa = PBXBuildFile; fileRef = 4850E1B81F28EE00004D85A7 /* LaunchScreen.storyboard */; };
		4850E1C91F2A8865004D85A7 /* IntentHandler.swift in Sources */ = {isa = PBXBuildFile; fileRef = 4850E1C81F2A8865004D85A7 /* IntentHandler.swift */; };
		4850E1CD1F2A8865004D85A7 /* SiriHandler.appex in Embed App Extensions */ = {isa = PBXBuildFile; fileRef = 4850E1C61F2A8865004D85A7 /* SiriHandler.appex */; settings = {ATTRIBUTES = (RemoveHeadersOnCopy, ); }; };
		48A31BB01F32253500E919FB /* LGTimeManager.swift in Sources */ = {isa = PBXBuildFile; fileRef = 48A31BAF1F32253500E919FB /* LGTimeManager.swift */; };
		48A31BB21F32550B00E919FB /* LGSlider.swift in Sources */ = {isa = PBXBuildFile; fileRef = 48A31BB11F32550B00E919FB /* LGSlider.swift */; };
		48A31BB51F331A4000E919FB /* ActivitiesViewController.swift in Sources */ = {isa = PBXBuildFile; fileRef = 48A31BB41F331A4000E919FB /* ActivitiesViewController.swift */; };
		48A31BB71F333D8600E919FB /* TitleBackgroundTableViewCell.swift in Sources */ = {isa = PBXBuildFile; fileRef = 48A31BB61F333D8600E919FB /* TitleBackgroundTableViewCell.swift */; };
		48A31BB91F333EB900E919FB /* ActivityTableViewCell.swift in Sources */ = {isa = PBXBuildFile; fileRef = 48A31BB81F333EB900E919FB /* ActivityTableViewCell.swift */; };
		48A31BBC1F3364AA00E919FB /* ActivityViewController.swift in Sources */ = {isa = PBXBuildFile; fileRef = 48A31BBB1F3364AA00E919FB /* ActivityViewController.swift */; };
		48A31BBE1F3372C100E919FB /* TimerTableViewCell.swift in Sources */ = {isa = PBXBuildFile; fileRef = 48A31BBD1F3372C100E919FB /* TimerTableViewCell.swift */; };
		48A31BC01F33A4CF00E919FB /* NewActivityViewController.swift in Sources */ = {isa = PBXBuildFile; fileRef = 48A31BBF1F33A4CF00E919FB /* NewActivityViewController.swift */; };
		48A31BC21F33A4E700E919FB /* NewTimerViewController.swift in Sources */ = {isa = PBXBuildFile; fileRef = 48A31BC11F33A4E700E919FB /* NewTimerViewController.swift */; };
		48A31BC51F34352200E919FB /* TextFieldTableViewCell.swift in Sources */ = {isa = PBXBuildFile; fileRef = 48A31BC31F34352200E919FB /* TextFieldTableViewCell.swift */; };
		48A31BC61F34352200E919FB /* LGTextField.swift in Sources */ = {isa = PBXBuildFile; fileRef = 48A31BC41F34352200E919FB /* LGTextField.swift */; };
		48E657AC1F2E1658007E649E /* tone.wav in Resources */ = {isa = PBXBuildFile; fileRef = 48E657AB1F2E1658007E649E /* tone.wav */; };
		4C3B67DF2BC822FFDB07F9C5 /* Pods_LetsGo.framework in Frameworks */ = {isa = PBXBuildFile; fileRef = 14E8FA497D650EDF3219475A /* Pods_LetsGo.framework */; };
/* End PBXBuildFile section */

/* Begin PBXContainerItemProxy section */
		4850E1CB1F2A8865004D85A7 /* PBXContainerItemProxy */ = {
			isa = PBXContainerItemProxy;
			containerPortal = 4850E1A41F28EDFF004D85A7 /* Project object */;
			proxyType = 1;
			remoteGlobalIDString = 4850E1C51F2A8865004D85A7;
			remoteInfo = SiriHandler;
		};
/* End PBXContainerItemProxy section */

/* Begin PBXCopyFilesBuildPhase section */
		4850E1D11F2A8865004D85A7 /* Embed App Extensions */ = {
			isa = PBXCopyFilesBuildPhase;
			buildActionMask = 2147483647;
			dstPath = "";
			dstSubfolderSpec = 13;
			files = (
				4850E1CD1F2A8865004D85A7 /* SiriHandler.appex in Embed App Extensions */,
			);
			name = "Embed App Extensions";
			runOnlyForDeploymentPostprocessing = 0;
		};
/* End PBXCopyFilesBuildPhase section */

/* Begin PBXFileReference section */
		14E8FA497D650EDF3219475A /* Pods_LetsGo.framework */ = {isa = PBXFileReference; explicitFileType = wrapper.framework; includeInIndex = 0; path = Pods_LetsGo.framework; sourceTree = BUILT_PRODUCTS_DIR; };
		4825CF421F2FEFD30066B40D /* LGTimer.swift */ = {isa = PBXFileReference; fileEncoding = 4; lastKnownFileType = sourcecode.swift; path = LGTimer.swift; sourceTree = "<group>"; };
		4825CF441F2FFA5E0066B40D /* LGActivity.swift */ = {isa = PBXFileReference; fileEncoding = 4; lastKnownFileType = sourcecode.swift; path = LGActivity.swift; sourceTree = "<group>"; };
		4825CF461F2FFA860066B40D /* LGInterval.swift */ = {isa = PBXFileReference; fileEncoding = 4; lastKnownFileType = sourcecode.swift; path = LGInterval.swift; sourceTree = "<group>"; };
		483238A91F2E7AEA006194AE /* HealthKit.framework */ = {isa = PBXFileReference; lastKnownFileType = wrapper.framework; name = HealthKit.framework; path = System/Library/Frameworks/HealthKit.framework; sourceTree = SDKROOT; };
		484F0FA71F2EB4790056F1E2 /* HealthKitManager.swift */ = {isa = PBXFileReference; fileEncoding = 4; lastKnownFileType = sourcecode.swift; path = HealthKitManager.swift; sourceTree = "<group>"; };
		4850E1AC1F28EE00004D85A7 /* LetsGo.app */ = {isa = PBXFileReference; explicitFileType = wrapper.application; includeInIndex = 0; path = LetsGo.app; sourceTree = BUILT_PRODUCTS_DIR; };
		4850E1AF1F28EE00004D85A7 /* AppDelegate.swift */ = {isa = PBXFileReference; lastKnownFileType = sourcecode.swift; path = AppDelegate.swift; sourceTree = "<group>"; };
		4850E1B11F28EE00004D85A7 /* HomeViewController.swift */ = {isa = PBXFileReference; lastKnownFileType = sourcecode.swift; path = HomeViewController.swift; sourceTree = "<group>"; };
		4850E1B41F28EE00004D85A7 /* Base */ = {isa = PBXFileReference; lastKnownFileType = file.storyboard; name = Base; path = Base.lproj/Main.storyboard; sourceTree = "<group>"; };
		4850E1B61F28EE00004D85A7 /* Assets.xcassets */ = {isa = PBXFileReference; lastKnownFileType = folder.assetcatalog; path = Assets.xcassets; sourceTree = "<group>"; };
		4850E1B91F28EE00004D85A7 /* Base */ = {isa = PBXFileReference; lastKnownFileType = file.storyboard; name = Base; path = Base.lproj/LaunchScreen.storyboard; sourceTree = "<group>"; };
		4850E1BB1F28EE00004D85A7 /* Info.plist */ = {isa = PBXFileReference; lastKnownFileType = text.plist.xml; path = Info.plist; sourceTree = "<group>"; };
		4850E1C11F2A8552004D85A7 /* LetsGo.entitlements */ = {isa = PBXFileReference; lastKnownFileType = text.plist.entitlements; path = LetsGo.entitlements; sourceTree = "<group>"; };
		4850E1C61F2A8865004D85A7 /* SiriHandler.appex */ = {isa = PBXFileReference; explicitFileType = "wrapper.app-extension"; includeInIndex = 0; path = SiriHandler.appex; sourceTree = BUILT_PRODUCTS_DIR; };
		4850E1C81F2A8865004D85A7 /* IntentHandler.swift */ = {isa = PBXFileReference; lastKnownFileType = sourcecode.swift; path = IntentHandler.swift; sourceTree = "<group>"; };
		4850E1CA1F2A8865004D85A7 /* Info.plist */ = {isa = PBXFileReference; lastKnownFileType = text.plist.xml; path = Info.plist; sourceTree = "<group>"; };
		48A31BAF1F32253500E919FB /* LGTimeManager.swift */ = {isa = PBXFileReference; fileEncoding = 4; lastKnownFileType = sourcecode.swift; path = LGTimeManager.swift; sourceTree = "<group>"; };
		48A31BB11F32550B00E919FB /* LGSlider.swift */ = {isa = PBXFileReference; fileEncoding = 4; lastKnownFileType = sourcecode.swift; path = LGSlider.swift; sourceTree = "<group>"; };
		48A31BB41F331A4000E919FB /* ActivitiesViewController.swift */ = {isa = PBXFileReference; fileEncoding = 4; lastKnownFileType = sourcecode.swift; path = ActivitiesViewController.swift; sourceTree = "<group>"; };
		48A31BB61F333D8600E919FB /* TitleBackgroundTableViewCell.swift */ = {isa = PBXFileReference; fileEncoding = 4; lastKnownFileType = sourcecode.swift; path = TitleBackgroundTableViewCell.swift; sourceTree = "<group>"; };
		48A31BB81F333EB900E919FB /* ActivityTableViewCell.swift */ = {isa = PBXFileReference; fileEncoding = 4; lastKnownFileType = sourcecode.swift; path = ActivityTableViewCell.swift; sourceTree = "<group>"; };
		48A31BBB1F3364AA00E919FB /* ActivityViewController.swift */ = {isa = PBXFileReference; fileEncoding = 4; lastKnownFileType = sourcecode.swift; path = ActivityViewController.swift; sourceTree = "<group>"; };
		48A31BBD1F3372C100E919FB /* TimerTableViewCell.swift */ = {isa = PBXFileReference; fileEncoding = 4; lastKnownFileType = sourcecode.swift; path = TimerTableViewCell.swift; sourceTree = "<group>"; };
		48A31BBF1F33A4CF00E919FB /* NewActivityViewController.swift */ = {isa = PBXFileReference; fileEncoding = 4; lastKnownFileType = sourcecode.swift; path = NewActivityViewController.swift; sourceTree = "<group>"; };
		48A31BC11F33A4E700E919FB /* NewTimerViewController.swift */ = {isa = PBXFileReference; fileEncoding = 4; lastKnownFileType = sourcecode.swift; path = NewTimerViewController.swift; sourceTree = "<group>"; };
		48A31BC31F34352200E919FB /* TextFieldTableViewCell.swift */ = {isa = PBXFileReference; fileEncoding = 4; lastKnownFileType = sourcecode.swift; path = TextFieldTableViewCell.swift; sourceTree = "<group>"; };
		48A31BC41F34352200E919FB /* LGTextField.swift */ = {isa = PBXFileReference; fileEncoding = 4; lastKnownFileType = sourcecode.swift; path = LGTextField.swift; sourceTree = "<group>"; };
		48E657AB1F2E1658007E649E /* tone.wav */ = {isa = PBXFileReference; lastKnownFileType = audio.wav; path = tone.wav; sourceTree = "<group>"; };
		5C1CAB1FD870C4C22C7A8CB9 /* Pods-LetsGo.release.xcconfig */ = {isa = PBXFileReference; includeInIndex = 1; lastKnownFileType = text.xcconfig; name = "Pods-LetsGo.release.xcconfig"; path = "Pods/Target Support Files/Pods-LetsGo/Pods-LetsGo.release.xcconfig"; sourceTree = "<group>"; };
		E8418AE36AB7D1935CE2EE43 /* Pods-LetsGo.debug.xcconfig */ = {isa = PBXFileReference; includeInIndex = 1; lastKnownFileType = text.xcconfig; name = "Pods-LetsGo.debug.xcconfig"; path = "Pods/Target Support Files/Pods-LetsGo/Pods-LetsGo.debug.xcconfig"; sourceTree = "<group>"; };
/* End PBXFileReference section */

/* Begin PBXFrameworksBuildPhase section */
		4850E1A91F28EE00004D85A7 /* Frameworks */ = {
			isa = PBXFrameworksBuildPhase;
			buildActionMask = 2147483647;
			files = (
				4C3B67DF2BC822FFDB07F9C5 /* Pods_LetsGo.framework in Frameworks */,
				483238AA1F2E7AEA006194AE /* HealthKit.framework in Frameworks */,
			);
			runOnlyForDeploymentPostprocessing = 0;
		};
		4850E1C31F2A8865004D85A7 /* Frameworks */ = {
			isa = PBXFrameworksBuildPhase;
			buildActionMask = 2147483647;
			files = (
			);
			runOnlyForDeploymentPostprocessing = 0;
		};
/* End PBXFrameworksBuildPhase section */

/* Begin PBXGroup section */
		4825CF3C1F2FEB6F0066B40D /* Models */ = {
			isa = PBXGroup;
			children = (
				4825CF421F2FEFD30066B40D /* LGTimer.swift */,
				4825CF441F2FFA5E0066B40D /* LGActivity.swift */,
				4825CF461F2FFA860066B40D /* LGInterval.swift */,
			);
			name = Models;
			sourceTree = "<group>";
		};
		4825CF3D1F2FEB860066B40D /* Managers */ = {
			isa = PBXGroup;
			children = (
				484F0FA71F2EB4790056F1E2 /* HealthKitManager.swift */,
				4850E1C71F2A8865004D85A7 /* SiriHandler */,
				48A31BAF1F32253500E919FB /* LGTimeManager.swift */,
			);
			name = Managers;
			sourceTree = "<group>";
		};
		4825CF3E1F2FEBAB0066B40D /* UI */ = {
			isa = PBXGroup;
			children = (
				4850E1B11F28EE00004D85A7 /* HomeViewController.swift */,
				48A31BB41F331A4000E919FB /* ActivitiesViewController.swift */,
				48A31BBF1F33A4CF00E919FB /* NewActivityViewController.swift */,
				48A31BC11F33A4E700E919FB /* NewTimerViewController.swift */,
				48A31BBB1F3364AA00E919FB /* ActivityViewController.swift */,
				48A31BBA1F333F5500E919FB /* Cells */,
				48A31BB31F32551600E919FB /* Views */,
				4825CF3F1F2FEBED0066B40D /* Storyboards */,
			);
			name = UI;
			sourceTree = "<group>";
		};
		4825CF3F1F2FEBED0066B40D /* Storyboards */ = {
			isa = PBXGroup;
			children = (
				4850E1B81F28EE00004D85A7 /* LaunchScreen.storyboard */,
				4850E1B31F28EE00004D85A7 /* Main.storyboard */,
			);
			name = Storyboards;
			sourceTree = "<group>";
		};
		4825CF401F2FEC030066B40D /* Support */ = {
			isa = PBXGroup;
			children = (
				4850E1C11F2A8552004D85A7 /* LetsGo.entitlements */,
				4850E1BB1F28EE00004D85A7 /* Info.plist */,
			);
			name = Support;
			path = LetsGo;
			sourceTree = "<group>";
		};
		4825CF411F2FEC480066B40D /* Resources */ = {
			isa = PBXGroup;
			children = (
				4850E1B61F28EE00004D85A7 /* Assets.xcassets */,
				48E657AB1F2E1658007E649E /* tone.wav */,
			);
			name = Resources;
			path = LetsGo;
			sourceTree = "<group>";
		};
		4850E1A31F28EDFF004D85A7 = {
			isa = PBXGroup;
			children = (
				4850E1AE1F28EE00004D85A7 /* LetsGo */,
				4825CF411F2FEC480066B40D /* Resources */,
				4825CF401F2FEC030066B40D /* Support */,
				4850E1AD1F28EE00004D85A7 /* Products */,
				C9E617E4E9D8BD48646E3892 /* Pods */,
				AE2D2CAFEACC99BF8E823CA6 /* Frameworks */,
			);
			sourceTree = "<group>";
		};
		4850E1AD1F28EE00004D85A7 /* Products */ = {
			isa = PBXGroup;
			children = (
				4850E1AC1F28EE00004D85A7 /* LetsGo.app */,
				4850E1C61F2A8865004D85A7 /* SiriHandler.appex */,
			);
			name = Products;
			sourceTree = "<group>";
		};
		4850E1AE1F28EE00004D85A7 /* LetsGo */ = {
			isa = PBXGroup;
			children = (
				4850E1AF1F28EE00004D85A7 /* AppDelegate.swift */,
				4825CF3C1F2FEB6F0066B40D /* Models */,
				4825CF3D1F2FEB860066B40D /* Managers */,
				4825CF3E1F2FEBAB0066B40D /* UI */,
			);
			path = LetsGo;
			sourceTree = "<group>";
		};
		4850E1C71F2A8865004D85A7 /* SiriHandler */ = {
			isa = PBXGroup;
			children = (
				4850E1C81F2A8865004D85A7 /* IntentHandler.swift */,
				4850E1CA1F2A8865004D85A7 /* Info.plist */,
			);
			name = SiriHandler;
			path = ../SiriHandler;
			sourceTree = "<group>";
		};
		48A31BB31F32551600E919FB /* Views */ = {
			isa = PBXGroup;
			children = (
				48A31BB11F32550B00E919FB /* LGSlider.swift */,
			);
			name = Views;
			sourceTree = "<group>";
		};
		48A31BBA1F333F5500E919FB /* Cells */ = {
			isa = PBXGroup;
			children = (
				48A31BC31F34352200E919FB /* TextFieldTableViewCell.swift */,
				48A31BC41F34352200E919FB /* LGTextField.swift */,
				48A31BB81F333EB900E919FB /* ActivityTableViewCell.swift */,
				48A31BBD1F3372C100E919FB /* TimerTableViewCell.swift */,
				48A31BB61F333D8600E919FB /* TitleBackgroundTableViewCell.swift */,
			);
			name = Cells;
			sourceTree = "<group>";
		};
		AE2D2CAFEACC99BF8E823CA6 /* Frameworks */ = {
			isa = PBXGroup;
			children = (
				483238A91F2E7AEA006194AE /* HealthKit.framework */,
				14E8FA497D650EDF3219475A /* Pods_LetsGo.framework */,
			);
			name = Frameworks;
			sourceTree = "<group>";
		};
		C9E617E4E9D8BD48646E3892 /* Pods */ = {
			isa = PBXGroup;
			children = (
				E8418AE36AB7D1935CE2EE43 /* Pods-LetsGo.debug.xcconfig */,
				5C1CAB1FD870C4C22C7A8CB9 /* Pods-LetsGo.release.xcconfig */,
			);
			name = Pods;
			sourceTree = "<group>";
		};
/* End PBXGroup section */

/* Begin PBXNativeTarget section */
		4850E1AB1F28EE00004D85A7 /* LetsGo */ = {
			isa = PBXNativeTarget;
			buildConfigurationList = 4850E1BE1F28EE00004D85A7 /* Build configuration list for PBXNativeTarget "LetsGo" */;
			buildPhases = (
				6FE67E191373302EEE677CD1 /* [CP] Check Pods Manifest.lock */,
				4850E1A81F28EE00004D85A7 /* Sources */,
				4850E1A91F28EE00004D85A7 /* Frameworks */,
				4850E1AA1F28EE00004D85A7 /* Resources */,
				B60620B56B59E4474187551A /* [CP] Embed Pods Frameworks */,
				E34B04BC62249F50AB4D7A43 /* [CP] Copy Pods Resources */,
				4850E1D11F2A8865004D85A7 /* Embed App Extensions */,
			);
			buildRules = (
			);
			dependencies = (
				4850E1CC1F2A8865004D85A7 /* PBXTargetDependency */,
			);
			name = LetsGo;
			productName = LetsGo;
			productReference = 4850E1AC1F28EE00004D85A7 /* LetsGo.app */;
			productType = "com.apple.product-type.application";
		};
		4850E1C51F2A8865004D85A7 /* SiriHandler */ = {
			isa = PBXNativeTarget;
			buildConfigurationList = 4850E1CE1F2A8865004D85A7 /* Build configuration list for PBXNativeTarget "SiriHandler" */;
			buildPhases = (
				4850E1C21F2A8865004D85A7 /* Sources */,
				4850E1C31F2A8865004D85A7 /* Frameworks */,
				4850E1C41F2A8865004D85A7 /* Resources */,
			);
			buildRules = (
			);
			dependencies = (
			);
			name = SiriHandler;
			productName = SiriHandler;
			productReference = 4850E1C61F2A8865004D85A7 /* SiriHandler.appex */;
			productType = "com.apple.product-type.app-extension";
		};
/* End PBXNativeTarget section */

/* Begin PBXProject section */
		4850E1A41F28EDFF004D85A7 /* Project object */ = {
			isa = PBXProject;
			attributes = {
				LastSwiftUpdateCheck = 0830;
				LastUpgradeCheck = 0830;
				ORGANIZATIONNAME = "Phoenix fitness";
				TargetAttributes = {
					4850E1AB1F28EE00004D85A7 = {
						CreatedOnToolsVersion = 8.3.3;
						DevelopmentTeam = BYQ9TMRU8A;
						ProvisioningStyle = Automatic;
						SystemCapabilities = {
							com.apple.HealthKit = {
								enabled = 1;
							};
							com.apple.Siri = {
								enabled = 1;
							};
						};
					};
					4850E1C51F2A8865004D85A7 = {
						CreatedOnToolsVersion = 8.3.3;
						DevelopmentTeam = BYQ9TMRU8A;
						ProvisioningStyle = Automatic;
					};
				};
			};
			buildConfigurationList = 4850E1A71F28EDFF004D85A7 /* Build configuration list for PBXProject "LetsGo" */;
			compatibilityVersion = "Xcode 3.2";
			developmentRegion = English;
			hasScannedForEncodings = 0;
			knownRegions = (
				en,
				Base,
			);
			mainGroup = 4850E1A31F28EDFF004D85A7;
			productRefGroup = 4850E1AD1F28EE00004D85A7 /* Products */;
			projectDirPath = "";
			projectRoot = "";
			targets = (
				4850E1AB1F28EE00004D85A7 /* LetsGo */,
				4850E1C51F2A8865004D85A7 /* SiriHandler */,
			);
		};
/* End PBXProject section */

/* Begin PBXResourcesBuildPhase section */
		4850E1AA1F28EE00004D85A7 /* Resources */ = {
			isa = PBXResourcesBuildPhase;
			buildActionMask = 2147483647;
			files = (
				4850E1BA1F28EE00004D85A7 /* LaunchScreen.storyboard in Resources */,
				4850E1B71F28EE00004D85A7 /* Assets.xcassets in Resources */,
				48E657AC1F2E1658007E649E /* tone.wav in Resources */,
				4850E1B51F28EE00004D85A7 /* Main.storyboard in Resources */,
			);
			runOnlyForDeploymentPostprocessing = 0;
		};
		4850E1C41F2A8865004D85A7 /* Resources */ = {
			isa = PBXResourcesBuildPhase;
			buildActionMask = 2147483647;
			files = (
			);
			runOnlyForDeploymentPostprocessing = 0;
		};
/* End PBXResourcesBuildPhase section */

/* Begin PBXShellScriptBuildPhase section */
		6FE67E191373302EEE677CD1 /* [CP] Check Pods Manifest.lock */ = {
			isa = PBXShellScriptBuildPhase;
			buildActionMask = 2147483647;
			files = (
			);
			inputPaths = (
			);
			name = "[CP] Check Pods Manifest.lock";
			outputPaths = (
			);
			runOnlyForDeploymentPostprocessing = 0;
			shellPath = /bin/sh;
			shellScript = "diff \"${PODS_PODFILE_DIR_PATH}/Podfile.lock\" \"${PODS_ROOT}/Manifest.lock\" > /dev/null\nif [ $? != 0 ] ; then\n    # print error to STDERR\n    echo \"error: The sandbox is not in sync with the Podfile.lock. Run 'pod install' or update your CocoaPods installation.\" >&2\n    exit 1\nfi\n";
			showEnvVarsInLog = 0;
		};
		B60620B56B59E4474187551A /* [CP] Embed Pods Frameworks */ = {
			isa = PBXShellScriptBuildPhase;
			buildActionMask = 2147483647;
			files = (
			);
			inputPaths = (
			);
			name = "[CP] Embed Pods Frameworks";
			outputPaths = (
			);
			runOnlyForDeploymentPostprocessing = 0;
			shellPath = /bin/sh;
			shellScript = "\"${SRCROOT}/Pods/Target Support Files/Pods-LetsGo/Pods-LetsGo-frameworks.sh\"\n";
			showEnvVarsInLog = 0;
		};
		E34B04BC62249F50AB4D7A43 /* [CP] Copy Pods Resources */ = {
			isa = PBXShellScriptBuildPhase;
			buildActionMask = 2147483647;
			files = (
			);
			inputPaths = (
			);
			name = "[CP] Copy Pods Resources";
			outputPaths = (
			);
			runOnlyForDeploymentPostprocessing = 0;
			shellPath = /bin/sh;
			shellScript = "\"${SRCROOT}/Pods/Target Support Files/Pods-LetsGo/Pods-LetsGo-resources.sh\"\n";
			showEnvVarsInLog = 0;
		};
/* End PBXShellScriptBuildPhase section */

/* Begin PBXSourcesBuildPhase section */
		4850E1A81F28EE00004D85A7 /* Sources */ = {
			isa = PBXSourcesBuildPhase;
			buildActionMask = 2147483647;
			files = (
				48A31BB71F333D8600E919FB /* TitleBackgroundTableViewCell.swift in Sources */,
				48A31BC61F34352200E919FB /* LGTextField.swift in Sources */,
				4825CF431F2FEFD30066B40D /* LGTimer.swift in Sources */,
				48A31BBE1F3372C100E919FB /* TimerTableViewCell.swift in Sources */,
				48A31BC51F34352200E919FB /* TextFieldTableViewCell.swift in Sources */,
				48A31BC21F33A4E700E919FB /* NewTimerViewController.swift in Sources */,
				4850E1B21F28EE00004D85A7 /* HomeViewController.swift in Sources */,
				4850E1B01F28EE00004D85A7 /* AppDelegate.swift in Sources */,
				4825CF471F2FFA860066B40D /* LGInterval.swift in Sources */,
				48A31BB01F32253500E919FB /* LGTimeManager.swift in Sources */,
				48A31BB91F333EB900E919FB /* ActivityTableViewCell.swift in Sources */,
				48A31BBC1F3364AA00E919FB /* ActivityViewController.swift in Sources */,
				4825CF451F2FFA5E0066B40D /* LGActivity.swift in Sources */,
				48A31BC01F33A4CF00E919FB /* NewActivityViewController.swift in Sources */,
				484F0FA81F2EB4790056F1E2 /* HealthKitManager.swift in Sources */,
				48A31BB51F331A4000E919FB /* ActivitiesViewController.swift in Sources */,
				48A31BB21F32550B00E919FB /* LGSlider.swift in Sources */,
			);
			runOnlyForDeploymentPostprocessing = 0;
		};
		4850E1C21F2A8865004D85A7 /* Sources */ = {
			isa = PBXSourcesBuildPhase;
			buildActionMask = 2147483647;
			files = (
				4850E1C91F2A8865004D85A7 /* IntentHandler.swift in Sources */,
			);
			runOnlyForDeploymentPostprocessing = 0;
		};
/* End PBXSourcesBuildPhase section */

/* Begin PBXTargetDependency section */
		4850E1CC1F2A8865004D85A7 /* PBXTargetDependency */ = {
			isa = PBXTargetDependency;
			target = 4850E1C51F2A8865004D85A7 /* SiriHandler */;
			targetProxy = 4850E1CB1F2A8865004D85A7 /* PBXContainerItemProxy */;
		};
/* End PBXTargetDependency section */

/* Begin PBXVariantGroup section */
		4850E1B31F28EE00004D85A7 /* Main.storyboard */ = {
			isa = PBXVariantGroup;
			children = (
				4850E1B41F28EE00004D85A7 /* Base */,
			);
			name = Main.storyboard;
			sourceTree = "<group>";
		};
		4850E1B81F28EE00004D85A7 /* LaunchScreen.storyboard */ = {
			isa = PBXVariantGroup;
			children = (
				4850E1B91F28EE00004D85A7 /* Base */,
			);
			name = LaunchScreen.storyboard;
			sourceTree = "<group>";
		};
/* End PBXVariantGroup section */

/* Begin XCBuildConfiguration section */
		4850E1BC1F28EE00004D85A7 /* Debug */ = {
			isa = XCBuildConfiguration;
			buildSettings = {
				ALWAYS_SEARCH_USER_PATHS = NO;
				CLANG_ANALYZER_NONNULL = YES;
				CLANG_ANALYZER_NUMBER_OBJECT_CONVERSION = YES_AGGRESSIVE;
				CLANG_CXX_LANGUAGE_STANDARD = "gnu++0x";
				CLANG_CXX_LIBRARY = "libc++";
				CLANG_ENABLE_MODULES = YES;
				CLANG_ENABLE_OBJC_ARC = YES;
				CLANG_WARN_BOOL_CONVERSION = YES;
				CLANG_WARN_CONSTANT_CONVERSION = YES;
				CLANG_WARN_DIRECT_OBJC_ISA_USAGE = YES_ERROR;
				CLANG_WARN_DOCUMENTATION_COMMENTS = YES;
				CLANG_WARN_EMPTY_BODY = YES;
				CLANG_WARN_ENUM_CONVERSION = YES;
				CLANG_WARN_INFINITE_RECURSION = YES;
				CLANG_WARN_INT_CONVERSION = YES;
				CLANG_WARN_OBJC_ROOT_CLASS = YES_ERROR;
				CLANG_WARN_SUSPICIOUS_MOVE = YES;
				CLANG_WARN_UNREACHABLE_CODE = YES;
				CLANG_WARN__DUPLICATE_METHOD_MATCH = YES;
				"CODE_SIGN_IDENTITY[sdk=iphoneos*]" = "iPhone Developer";
				COPY_PHASE_STRIP = NO;
				DEBUG_INFORMATION_FORMAT = dwarf;
				ENABLE_STRICT_OBJC_MSGSEND = YES;
				ENABLE_TESTABILITY = YES;
				GCC_C_LANGUAGE_STANDARD = gnu99;
				GCC_DYNAMIC_NO_PIC = NO;
				GCC_NO_COMMON_BLOCKS = YES;
				GCC_OPTIMIZATION_LEVEL = 0;
				GCC_PREPROCESSOR_DEFINITIONS = (
					"DEBUG=1",
					"$(inherited)",
				);
				GCC_WARN_64_TO_32_BIT_CONVERSION = YES;
				GCC_WARN_ABOUT_RETURN_TYPE = YES_ERROR;
				GCC_WARN_UNDECLARED_SELECTOR = YES;
				GCC_WARN_UNINITIALIZED_AUTOS = YES_AGGRESSIVE;
				GCC_WARN_UNUSED_FUNCTION = YES;
				GCC_WARN_UNUSED_VARIABLE = YES;
				IPHONEOS_DEPLOYMENT_TARGET = 10.3;
				MTL_ENABLE_DEBUG_INFO = YES;
				ONLY_ACTIVE_ARCH = YES;
				SDKROOT = iphoneos;
				SWIFT_ACTIVE_COMPILATION_CONDITIONS = DEBUG;
				SWIFT_OPTIMIZATION_LEVEL = "-Onone";
			};
			name = Debug;
		};
		4850E1BD1F28EE00004D85A7 /* Release */ = {
			isa = XCBuildConfiguration;
			buildSettings = {
				ALWAYS_SEARCH_USER_PATHS = NO;
				CLANG_ANALYZER_NONNULL = YES;
				CLANG_ANALYZER_NUMBER_OBJECT_CONVERSION = YES_AGGRESSIVE;
				CLANG_CXX_LANGUAGE_STANDARD = "gnu++0x";
				CLANG_CXX_LIBRARY = "libc++";
				CLANG_ENABLE_MODULES = YES;
				CLANG_ENABLE_OBJC_ARC = YES;
				CLANG_WARN_BOOL_CONVERSION = YES;
				CLANG_WARN_CONSTANT_CONVERSION = YES;
				CLANG_WARN_DIRECT_OBJC_ISA_USAGE = YES_ERROR;
				CLANG_WARN_DOCUMENTATION_COMMENTS = YES;
				CLANG_WARN_EMPTY_BODY = YES;
				CLANG_WARN_ENUM_CONVERSION = YES;
				CLANG_WARN_INFINITE_RECURSION = YES;
				CLANG_WARN_INT_CONVERSION = YES;
				CLANG_WARN_OBJC_ROOT_CLASS = YES_ERROR;
				CLANG_WARN_SUSPICIOUS_MOVE = YES;
				CLANG_WARN_UNREACHABLE_CODE = YES;
				CLANG_WARN__DUPLICATE_METHOD_MATCH = YES;
				"CODE_SIGN_IDENTITY[sdk=iphoneos*]" = "iPhone Developer";
				COPY_PHASE_STRIP = NO;
				DEBUG_INFORMATION_FORMAT = "dwarf-with-dsym";
				ENABLE_NS_ASSERTIONS = NO;
				ENABLE_STRICT_OBJC_MSGSEND = YES;
				GCC_C_LANGUAGE_STANDARD = gnu99;
				GCC_NO_COMMON_BLOCKS = YES;
				GCC_WARN_64_TO_32_BIT_CONVERSION = YES;
				GCC_WARN_ABOUT_RETURN_TYPE = YES_ERROR;
				GCC_WARN_UNDECLARED_SELECTOR = YES;
				GCC_WARN_UNINITIALIZED_AUTOS = YES_AGGRESSIVE;
				GCC_WARN_UNUSED_FUNCTION = YES;
				GCC_WARN_UNUSED_VARIABLE = YES;
				IPHONEOS_DEPLOYMENT_TARGET = 10.3;
				MTL_ENABLE_DEBUG_INFO = NO;
				SDKROOT = iphoneos;
				SWIFT_OPTIMIZATION_LEVEL = "-Owholemodule";
				VALIDATE_PRODUCT = YES;
			};
			name = Release;
		};
		4850E1BF1F28EE00004D85A7 /* Debug */ = {
			isa = XCBuildConfiguration;
			baseConfigurationReference = E8418AE36AB7D1935CE2EE43 /* Pods-LetsGo.debug.xcconfig */;
			buildSettings = {
				ALWAYS_EMBED_SWIFT_STANDARD_LIBRARIES = YES;
				ASSETCATALOG_COMPILER_APPICON_NAME = AppIcon;
				CODE_SIGN_ENTITLEMENTS = LetsGo/LetsGo.entitlements;
				DEVELOPMENT_TEAM = BYQ9TMRU8A;
				INFOPLIST_FILE = LetsGo/Info.plist;
				LD_RUNPATH_SEARCH_PATHS = "$(inherited) @executable_path/Frameworks";
				PRODUCT_BUNDLE_IDENTIFIER = com.phoenixfitnesshub.Timer;
				PRODUCT_NAME = "$(TARGET_NAME)";
				SWIFT_VERSION = 3.0;
			};
			name = Debug;
		};
		4850E1C01F28EE00004D85A7 /* Release */ = {
			isa = XCBuildConfiguration;
			baseConfigurationReference = 5C1CAB1FD870C4C22C7A8CB9 /* Pods-LetsGo.release.xcconfig */;
			buildSettings = {
				ALWAYS_EMBED_SWIFT_STANDARD_LIBRARIES = YES;
				ASSETCATALOG_COMPILER_APPICON_NAME = AppIcon;
				CODE_SIGN_ENTITLEMENTS = LetsGo/LetsGo.entitlements;
				DEVELOPMENT_TEAM = BYQ9TMRU8A;
				INFOPLIST_FILE = LetsGo/Info.plist;
				LD_RUNPATH_SEARCH_PATHS = "$(inherited) @executable_path/Frameworks";
				PRODUCT_BUNDLE_IDENTIFIER = com.phoenixfitnesshub.Timer;
				PRODUCT_NAME = "$(TARGET_NAME)";
				SWIFT_VERSION = 3.0;
			};
			name = Release;
		};
		4850E1CF1F2A8865004D85A7 /* Debug */ = {
			isa = XCBuildConfiguration;
			buildSettings = {
				DEVELOPMENT_TEAM = BYQ9TMRU8A;
				INFOPLIST_FILE = SiriHandler/Info.plist;
				LD_RUNPATH_SEARCH_PATHS = "$(inherited) @executable_path/Frameworks @executable_path/../../Frameworks";
				PRODUCT_BUNDLE_IDENTIFIER = com.phoenixfitnesshub.Timer.SiriHandler;
				PRODUCT_NAME = "$(TARGET_NAME)";
				SKIP_INSTALL = YES;
				SWIFT_VERSION = 3.0;
			};
			name = Debug;
		};
		4850E1D01F2A8865004D85A7 /* Release */ = {
			isa = XCBuildConfiguration;
			buildSettings = {
				DEVELOPMENT_TEAM = BYQ9TMRU8A;
				INFOPLIST_FILE = SiriHandler/Info.plist;
				LD_RUNPATH_SEARCH_PATHS = "$(inherited) @executable_path/Frameworks @executable_path/../../Frameworks";
				PRODUCT_BUNDLE_IDENTIFIER = com.phoenixfitnesshub.Timer.SiriHandler;
				PRODUCT_NAME = "$(TARGET_NAME)";
				SKIP_INSTALL = YES;
				SWIFT_VERSION = 3.0;
			};
			name = Release;
		};
/* End XCBuildConfiguration section */

/* Begin XCConfigurationList section */
		4850E1A71F28EDFF004D85A7 /* Build configuration list for PBXProject "LetsGo" */ = {
			isa = XCConfigurationList;
			buildConfigurations = (
				4850E1BC1F28EE00004D85A7 /* Debug */,
				4850E1BD1F28EE00004D85A7 /* Release */,
			);
			defaultConfigurationIsVisible = 0;
			defaultConfigurationName = Release;
		};
		4850E1BE1F28EE00004D85A7 /* Build configuration list for PBXNativeTarget "LetsGo" */ = {
			isa = XCConfigurationList;
			buildConfigurations = (
				4850E1BF1F28EE00004D85A7 /* Debug */,
				4850E1C01F28EE00004D85A7 /* Release */,
			);
			defaultConfigurationIsVisible = 0;
			defaultConfigurationName = Release;
		};
		4850E1CE1F2A8865004D85A7 /* Build configuration list for PBXNativeTarget "SiriHandler" */ = {
			isa = XCConfigurationList;
			buildConfigurations = (
				4850E1CF1F2A8865004D85A7 /* Debug */,
				4850E1D01F2A8865004D85A7 /* Release */,
			);
			defaultConfigurationIsVisible = 0;
			defaultConfigurationName = Release;
		};
/* End XCConfigurationList section */
	};
	rootObject = 4850E1A41F28EDFF004D85A7 /* Project object */;
}
