PODS:
  - CNPPopupController (0.3.3)
  - CountdownLabel (2.0.1)
  - HGCircularSlider (1.0.3)
  - LETimeIntervalPicker (1.0.1)
  - MZTimerLabel (0.5.4)
  - NYAlertViewController (1.3.0)
  - ODMSwipeSelector (1.0.3)
  - Onboard (2.3.1)
  - Pastel (0.3.0)
  - RandomColorSwift (1.0.0)

DEPENDENCIES:
  - CNPPopupController
  - CountdownLabel
  - HGCircularSlider (~> 1.0.3)
  - LETimeIntervalPicker
  - MZTimerLabel
  - NYAlertViewController
  - ODMSwipeSelector
  - Onboard
  - Pastel
  - RandomColorSwift

SPEC CHECKSUMS:
  CNPPopupController: 59b06290762f68beab5fb0bbfa87eb4dcbefb7de
  CountdownLabel: 1297533b42ef5c1a441cd458136c35ad93210da1
  HGCircularSlider: f3a941d52bae7833b7213b8d89c6264c5506d9ad
  LETimeIntervalPicker: 01e38d7e9292109a931561a8494f1f4836fbcd66
  MZTimerLabel: cd9bfb9304540ef2a9e163384fca9c978f0dbf83
  NYAlertViewController: b93f82e2c1fc6d5e9485512ddbe7b481f463a074
  ODMSwipeSelector: b7b51a57536078c342c4ab124f78f0f729131e49
  Onboard: b6871f25ac753175b2ab9a362fb2feb26a81a311
  Pastel: 738740c84f2b15bbcd96ebe99c4e6c2f5dd42262
  RandomColorSwift: 9f85058b721665d52d239ca166a913e083506444

PODFILE CHECKSUM: 6f1926f590ece880e2467f4d029d0c09e7c62ce1

COCOAPODS: 1.2.1
